# THIS IS AN AUTOGENERATED FILE. DO NOT EDIT THIS FILE DIRECTLY.
# yarn lockfile v1


buffer-json@^1.0.0:
  version "1.0.0"
  resolved "https://registry.yarnpkg.com/buffer-json/-/buffer-json-1.0.0.tgz#39f5ca5e00cc44ed8463ae422265ff083ef17b3f"

is-electron-renderer@^2.0.1:
  version "2.0.1"
  resolved "https://registry.yarnpkg.com/is-electron-renderer/-/is-electron-renderer-2.0.1.tgz#a469d056f975697c58c98c6023eb0aa79af895a2"
